
Microsoft Visual Studio Solution File, Format Version 12.00
# Visual Studio Version 17
VisualStudioVersion = 17.11.35222.181
MinimumVisualStudioVersion = 10.0.40219.1
Project("{FAE04EC0-301F-11D3-BF4B-00C04F79EFBC}") = "SampleNuGetPackage", "SampleNuGetPackage\SampleNuGetPackage.csproj", "{46A836A3-F857-4AE5-803D-86EE2CAF7629}"
EndProject
Project("{FAE04EC0-301F-11D3-BF4B-00C04F79EFBC}") = "SampleNUnitTest", "SampleNUnitTest\SampleNUnitTest.csproj", "{F41B80E1-A31E-42E2-8D1D-E1BD70686AAB}"
EndProject
Global
	GlobalSection(SolutionConfigurationPlatforms) = preSolution
		Debug|Any CPU = Debug|Any CPU
		Release|Any CPU = Release|Any CPU
	EndGlobalSection
	GlobalSection(ProjectConfigurationPlatforms) = postSolution
		{46A836A3-F857-4AE5-803D-86EE2CAF7629}.Debug|Any CPU.ActiveCfg = Debug|Any CPU
		{46A836A3-F857-4AE5-803D-86EE2CAF7629}.Debug|Any CPU.Build.0 = Debug|Any CPU
		{46A836A3-F857-4AE5-803D-86EE2CAF7629}.Release|Any CPU.ActiveCfg = Release|Any CPU
		{46A836A3-F857-4AE5-803D-86EE2CAF7629}.Release|Any CPU.Build.0 = Release|Any CPU
		{F41B80E1-A31E-42E2-8D1D-E1BD70686AAB}.Debug|Any CPU.ActiveCfg = Debug|Any CPU
		{F41B80E1-A31E-42E2-8D1D-E1BD70686AAB}.Debug|Any CPU.Build.0 = Debug|Any CPU
		{F41B80E1-A31E-42E2-8D1D-E1BD70686AAB}.Release|Any CPU.ActiveCfg = Release|Any CPU
		{F41B80E1-A31E-42E2-8D1D-E1BD70686AAB}.Release|Any CPU.Build.0 = Release|Any CPU
	EndGlobalSection
	GlobalSection(SolutionProperties) = preSolution
		HideSolutionNode = FALSE
	EndGlobalSection
	GlobalSection(ExtensibilityGlobals) = postSolution
		SolutionGuid = {82462DFB-1D62-4AAB-82FC-0EBD2AE7DD1E}
	EndGlobalSection
EndGlobal
